// !$*UTF8*$!
{
	archiveVersion = 1;
	classes = {
	};
	objectVersion = 50;
	objects = {

/* Begin PBXBuildFile section */
		622F275724139269008E881F /* PlaceLibrary.swift in Sources */ = {isa = PBXBuildFile; fileRef = 622F275624139269008E881F /* PlaceLibrary.swift */; };
		628FA22724062C4300DFCA09 /* PlaceTableViewController.swift in Sources */ = {isa = PBXBuildFile; fileRef = 628FA22624062C4300DFCA09 /* PlaceTableViewController.swift */; };
		628FA22924062FC700DFCA09 /* places.json in Resources */ = {isa = PBXBuildFile; fileRef = 628FA22824062FC700DFCA09 /* places.json */; };
		628FA22B2406310900DFCA09 /* PlaceDescription.swift in Sources */ = {isa = PBXBuildFile; fileRef = 628FA22A2406310900DFCA09 /* PlaceDescription.swift */; };
		62B86FB724045F0A0068597D /* AppDelegate.swift in Sources */ = {isa = PBXBuildFile; fileRef = 62B86FB624045F0A0068597D /* AppDelegate.swift */; };
		62B86FB924045F0A0068597D /* ViewController.swift in Sources */ = {isa = PBXBuildFile; fileRef = 62B86FB824045F0A0068597D /* ViewController.swift */; };
		62B86FBC24045F0A0068597D /* Main.storyboard in Resources */ = {isa = PBXBuildFile; fileRef = 62B86FBA24045F0A0068597D /* Main.storyboard */; };
		62B86FBE24045F0D0068597D /* Assets.xcassets in Resources */ = {isa = PBXBuildFile; fileRef = 62B86FBD24045F0D0068597D /* Assets.xcassets */; };
		62B86FC124045F0D0068597D /* LaunchScreen.storyboard in Resources */ = {isa = PBXBuildFile; fileRef = 62B86FBF24045F0D0068597D /* LaunchScreen.storyboard */; };
		62B86FCC24045F0D0068597D /* Assign4sprasherTests.swift in Sources */ = {isa = PBXBuildFile; fileRef = 62B86FCB24045F0D0068597D /* Assign4sprasherTests.swift */; };
		62B86FD724045F0D0068597D /* Assign4sprasherUITests.swift in Sources */ = {isa = PBXBuildFile; fileRef = 62B86FD624045F0D0068597D /* Assign4sprasherUITests.swift */; };
		62F7BC9F2406729400046EF3 /* AddScreenViewController.swift in Sources */ = {isa = PBXBuildFile; fileRef = 62F7BC9E2406729400046EF3 /* AddScreenViewController.swift */; };
/* End PBXBuildFile section */

/* Begin PBXContainerItemProxy section */
		62B86FC824045F0D0068597D /* PBXContainerItemProxy */ = {
			isa = PBXContainerItemProxy;
			containerPortal = 62B86FAB24045F0A0068597D /* Project object */;
			proxyType = 1;
			remoteGlobalIDString = 62B86FB224045F0A0068597D;
			remoteInfo = Assign4sprasher;
		};
		62B86FD324045F0D0068597D /* PBXContainerItemProxy */ = {
			isa = PBXContainerItemProxy;
			containerPortal = 62B86FAB24045F0A0068597D /* Project object */;
			proxyType = 1;
			remoteGlobalIDString = 62B86FB224045F0A0068597D;
			remoteInfo = Assign4sprasher;
		};
/* End PBXContainerItemProxy section */

/* Begin PBXFileReference section */
		622F275624139269008E881F /* PlaceLibrary.swift */ = {isa = PBXFileReference; lastKnownFileType = sourcecode.swift; path = PlaceLibrary.swift; sourceTree = "<group>"; };
		628FA22624062C4300DFCA09 /* PlaceTableViewController.swift */ = {isa = PBXFileReference; lastKnownFileType = sourcecode.swift; path = PlaceTableViewController.swift; sourceTree = "<group>"; };
		628FA22824062FC700DFCA09 /* places.json */ = {isa = PBXFileReference; fileEncoding = 4; lastKnownFileType = text.json; path = places.json; sourceTree = "<group>"; };
		628FA22A2406310900DFCA09 /* PlaceDescription.swift */ = {isa = PBXFileReference; lastKnownFileType = sourcecode.swift; path = PlaceDescription.swift; sourceTree = "<group>"; };
		62B86FB324045F0A0068597D /* Assign4sprasher.app */ = {isa = PBXFileReference; explicitFileType = wrapper.application; includeInIndex = 0; path = Assign4sprasher.app; sourceTree = BUILT_PRODUCTS_DIR; };
		62B86FB624045F0A0068597D /* AppDelegate.swift */ = {isa = PBXFileReference; lastKnownFileType = sourcecode.swift; path = AppDelegate.swift; sourceTree = "<group>"; };
		62B86FB824045F0A0068597D /* ViewController.swift */ = {isa = PBXFileReference; lastKnownFileType = sourcecode.swift; path = ViewController.swift; sourceTree = "<group>"; };
		62B86FBB24045F0A0068597D /* Base */ = {isa = PBXFileReference; lastKnownFileType = file.storyboard; name = Base; path = Base.lproj/Main.storyboard; sourceTree = "<group>"; };
		62B86FBD24045F0D0068597D /* Assets.xcassets */ = {isa = PBXFileReference; lastKnownFileType = folder.assetcatalog; path = Assets.xcassets; sourceTree = "<group>"; };
		62B86FC024045F0D0068597D /* Base */ = {isa = PBXFileReference; lastKnownFileType = file.storyboard; name = Base; path = Base.lproj/LaunchScreen.storyboard; sourceTree = "<group>"; };
		62B86FC224045F0D0068597D /* Info.plist */ = {isa = PBXFileReference; lastKnownFileType = text.plist.xml; path = Info.plist; sourceTree = "<group>"; };
		62B86FC724045F0D0068597D /* Assign4sprasherTests.xctest */ = {isa = PBXFileReference; explicitFileType = wrapper.cfbundle; includeInIndex = 0; path = Assign4sprasherTests.xctest; sourceTree = BUILT_PRODUCTS_DIR; };
		62B86FCB24045F0D0068597D /* Assign4sprasherTests.swift */ = {isa = PBXFileReference; lastKnownFileType = sourcecode.swift; path = Assign4sprasherTests.swift; sourceTree = "<group>"; };
		62B86FCD24045F0D0068597D /* Info.plist */ = {isa = PBXFileReference; lastKnownFileType = text.plist.xml; path = Info.plist; sourceTree = "<group>"; };
		62B86FD224045F0D0068597D /* Assign4sprasherUITests.xctest */ = {isa = PBXFileReference; explicitFileType = wrapper.cfbundle; includeInIndex = 0; path = Assign4sprasherUITests.xctest; sourceTree = BUILT_PRODUCTS_DIR; };
		62B86FD624045F0D0068597D /* Assign4sprasherUITests.swift */ = {isa = PBXFileReference; lastKnownFileType = sourcecode.swift; path = Assign4sprasherUITests.swift; sourceTree = "<group>"; };
		62B86FD824045F0D0068597D /* Info.plist */ = {isa = PBXFileReference; lastKnownFileType = text.plist.xml; path = Info.plist; sourceTree = "<group>"; };
		62F7BC9E2406729400046EF3 /* AddScreenViewController.swift */ = {isa = PBXFileReference; lastKnownFileType = sourcecode.swift; path = AddScreenViewController.swift; sourceTree = "<group>"; };
/* End PBXFileReference section */

/* Begin PBXFrameworksBuildPhase section */
		62B86FB024045F0A0068597D /* Frameworks */ = {
			isa = PBXFrameworksBuildPhase;
			buildActionMask = 2147483647;
			files = (
			);
			runOnlyForDeploymentPostprocessing = 0;
		};
		62B86FC424045F0D0068597D /* Frameworks */ = {
			isa = PBXFrameworksBuildPhase;
			buildActionMask = 2147483647;
			files = (
			);
			runOnlyForDeploymentPostprocessing = 0;
		};
		62B86FCF24045F0D0068597D /* Frameworks */ = {
			isa = PBXFrameworksBuildPhase;
			buildActionMask = 2147483647;
			files = (
			);
			runOnlyForDeploymentPostprocessing = 0;
		};
/* End PBXFrameworksBuildPhase section */

/* Begin PBXGroup section */
		628FA231240631CF00DFCA09 /* View */ = {
			isa = PBXGroup;
			children = (
				62B86FBF24045F0D0068597D /* LaunchScreen.storyboard */,
				62B86FBA24045F0A0068597D /* Main.storyboard */,
			);
			path = View;
			sourceTree = "<group>";
		};
		628FA2332406320600DFCA09 /* Controller */ = {
			isa = PBXGroup;
			children = (
				628FA22624062C4300DFCA09 /* PlaceTableViewController.swift */,
				62B86FB824045F0A0068597D /* ViewController.swift */,
				62F7BC9E2406729400046EF3 /* AddScreenViewController.swift */,
			);
			path = Controller;
			sourceTree = "<group>";
		};
		628FA2342406321800DFCA09 /* Model */ = {
			isa = PBXGroup;
			children = (
				628FA22A2406310900DFCA09 /* PlaceDescription.swift */,
				622F275624139269008E881F /* PlaceLibrary.swift */,
			);
			path = Model;
			sourceTree = "<group>";
		};
		62B86FAA24045F0A0068597D = {
			isa = PBXGroup;
			children = (
				62B86FB524045F0A0068597D /* Assign4sprasher */,
				62B86FCA24045F0D0068597D /* Assign4sprasherTests */,
				62B86FD524045F0D0068597D /* Assign4sprasherUITests */,
				62B86FB424045F0A0068597D /* Products */,
			);
			sourceTree = "<group>";
		};
		62B86FB424045F0A0068597D /* Products */ = {
			isa = PBXGroup;
			children = (
				62B86FB324045F0A0068597D /* Assign4sprasher.app */,
				62B86FC724045F0D0068597D /* Assign4sprasherTests.xctest */,
				62B86FD224045F0D0068597D /* Assign4sprasherUITests.xctest */,
			);
			name = Products;
			sourceTree = "<group>";
		};
		62B86FB524045F0A0068597D /* Assign4sprasher */ = {
			isa = PBXGroup;
			children = (
				628FA2342406321800DFCA09 /* Model */,
				628FA2332406320600DFCA09 /* Controller */,
				628FA231240631CF00DFCA09 /* View */,
				628FA22824062FC700DFCA09 /* places.json */,
				62B86FB624045F0A0068597D /* AppDelegate.swift */,
				62B86FBD24045F0D0068597D /* Assets.xcassets */,
				62B86FC224045F0D0068597D /* Info.plist */,
			);
			path = Assign4sprasher;
			sourceTree = "<group>";
		};
		62B86FCA24045F0D0068597D /* Assign4sprasherTests */ = {
			isa = PBXGroup;
			children = (
				62B86FCB24045F0D0068597D /* Assign4sprasherTests.swift */,
				62B86FCD24045F0D0068597D /* Info.plist */,
			);
			path = Assign4sprasherTests;
			sourceTree = "<group>";
		};
		62B86FD524045F0D0068597D /* Assign4sprasherUITests */ = {
			isa = PBXGroup;
			children = (
				62B86FD624045F0D0068597D /* Assign4sprasherUITests.swift */,
				62B86FD824045F0D0068597D /* Info.plist */,
			);
			path = Assign4sprasherUITests;
			sourceTree = "<group>";
		};
/* End PBXGroup section */

/* Begin PBXNativeTarget section */
		62B86FB224045F0A0068597D /* Assign4sprasher */ = {
			isa = PBXNativeTarget;
			buildConfigurationList = 62B86FDB24045F0D0068597D /* Build configuration list for PBXNativeTarget "Assign4sprasher" */;
			buildPhases = (
				62B86FAF24045F0A0068597D /* Sources */,
				62B86FB024045F0A0068597D /* Frameworks */,
				62B86FB124045F0A0068597D /* Resources */,
			);
			buildRules = (
			);
			dependencies = (
			);
			name = Assign4sprasher;
			productName = Assign4sprasher;
			productReference = 62B86FB324045F0A0068597D /* Assign4sprasher.app */;
			productType = "com.apple.product-type.application";
		};
		62B86FC624045F0D0068597D /* Assign4sprasherTests */ = {
			isa = PBXNativeTarget;
			buildConfigurationList = 62B86FDE24045F0D0068597D /* Build configuration list for PBXNativeTarget "Assign4sprasherTests" */;
			buildPhases = (
				62B86FC324045F0D0068597D /* Sources */,
				62B86FC424045F0D0068597D /* Frameworks */,
				62B86FC524045F0D0068597D /* Resources */,
			);
			buildRules = (
			);
			dependencies = (
				62B86FC924045F0D0068597D /* PBXTargetDependency */,
			);
			name = Assign4sprasherTests;
			productName = Assign4sprasherTests;
			productReference = 62B86FC724045F0D0068597D /* Assign4sprasherTests.xctest */;
			productType = "com.apple.product-type.bundle.unit-test";
		};
		62B86FD124045F0D0068597D /* Assign4sprasherUITests */ = {
			isa = PBXNativeTarget;
			buildConfigurationList = 62B86FE124045F0D0068597D /* Build configuration list for PBXNativeTarget "Assign4sprasherUITests" */;
			buildPhases = (
				62B86FCE24045F0D0068597D /* Sources */,
				62B86FCF24045F0D0068597D /* Frameworks */,
				62B86FD024045F0D0068597D /* Resources */,
			);
			buildRules = (
			);
			dependencies = (
				62B86FD424045F0D0068597D /* PBXTargetDependency */,
			);
			name = Assign4sprasherUITests;
			productName = Assign4sprasherUITests;
			productReference = 62B86FD224045F0D0068597D /* Assign4sprasherUITests.xctest */;
			productType = "com.apple.product-type.bundle.ui-testing";
		};
/* End PBXNativeTarget section */

/* Begin PBXProject section */
		62B86FAB24045F0A0068597D /* Project object */ = {
			isa = PBXProject;
			attributes = {
				LastSwiftUpdateCheck = 1030;
				LastUpgradeCheck = 1030;
				ORGANIZATIONNAME = "Sarvansh prasher";
				TargetAttributes = {
					62B86FB224045F0A0068597D = {
						CreatedOnToolsVersion = 10.3;
					};
					62B86FC624045F0D0068597D = {
						CreatedOnToolsVersion = 10.3;
						TestTargetID = 62B86FB224045F0A0068597D;
					};
					62B86FD124045F0D0068597D = {
						CreatedOnToolsVersion = 10.3;
						TestTargetID = 62B86FB224045F0A0068597D;
					};
				};
			};
			buildConfigurationList = 62B86FAE24045F0A0068597D /* Build configuration list for PBXProject "Assign4sprasher" */;
			compatibilityVersion = "Xcode 9.3";
			developmentRegion = en;
			hasScannedForEncodings = 0;
			knownRegions = (
				en,
				Base,
			);
			mainGroup = 62B86FAA24045F0A0068597D;
			productRefGroup = 62B86FB424045F0A0068597D /* Products */;
			projectDirPath = "";
			projectRoot = "";
			targets = (
				62B86FB224045F0A0068597D /* Assign4sprasher */,
				62B86FC624045F0D0068597D /* Assign4sprasherTests */,
				62B86FD124045F0D0068597D /* Assign4sprasherUITests */,
			);
		};
/* End PBXProject section */

/* Begin PBXResourcesBuildPhase section */
		62B86FB124045F0A0068597D /* Resources */ = {
			isa = PBXResourcesBuildPhase;
			buildActionMask = 2147483647;
			files = (
				62B86FC124045F0D0068597D /* LaunchScreen.storyboard in Resources */,
				62B86FBE24045F0D0068597D /* Assets.xcassets in Resources */,
				62B86FBC24045F0A0068597D /* Main.storyboard in Resources */,
				628FA22924062FC700DFCA09 /* places.json in Resources */,
			);
			runOnlyForDeploymentPostprocessing = 0;
		};
		62B86FC524045F0D0068597D /* Resources */ = {
			isa = PBXResourcesBuildPhase;
			buildActionMask = 2147483647;
			files = (
			);
			runOnlyForDeploymentPostprocessing = 0;
		};
		62B86FD024045F0D0068597D /* Resources */ = {
			isa = PBXResourcesBuildPhase;
			buildActionMask = 2147483647;
			files = (
			);
			runOnlyForDeploymentPostprocessing = 0;
		};
/* End PBXResourcesBuildPhase section */

/* Begin PBXSourcesBuildPhase section */
		62B86FAF24045F0A0068597D /* Sources */ = {
			isa = PBXSourcesBuildPhase;
			buildActionMask = 2147483647;
			files = (
				62B86FB924045F0A0068597D /* ViewController.swift in Sources */,
				62B86FB724045F0A0068597D /* AppDelegate.swift in Sources */,
				628FA22B2406310900DFCA09 /* PlaceDescription.swift in Sources */,
				622F275724139269008E881F /* PlaceLibrary.swift in Sources */,
				628FA22724062C4300DFCA09 /* PlaceTableViewController.swift in Sources */,
				62F7BC9F2406729400046EF3 /* AddScreenViewController.swift in Sources */,
			);
			runOnlyForDeploymentPostprocessing = 0;
		};
		62B86FC324045F0D0068597D /* Sources */ = {
			isa = PBXSourcesBuildPhase;
			buildActionMask = 2147483647;
			files = (
				62B86FCC24045F0D0068597D /* Assign4sprasherTests.swift in Sources */,
			);
			runOnlyForDeploymentPostprocessing = 0;
		};
		62B86FCE24045F0D0068597D /* Sources */ = {
			isa = PBXSourcesBuildPhase;
			buildActionMask = 2147483647;
			files = (
				62B86FD724045F0D0068597D /* Assign4sprasherUITests.swift in Sources */,
			);
			runOnlyForDeploymentPostprocessing = 0;
		};
/* End PBXSourcesBuildPhase section */

/* Begin PBXTargetDependency section */
		62B86FC924045F0D0068597D /* PBXTargetDependency */ = {
			isa = PBXTargetDependency;
			target = 62B86FB224045F0A0068597D /* Assign4sprasher */;
			targetProxy = 62B86FC824045F0D0068597D /* PBXContainerItemProxy */;
		};
		62B86FD424045F0D0068597D /* PBXTargetDependency */ = {
			isa = PBXTargetDependency;
			target = 62B86FB224045F0A0068597D /* Assign4sprasher */;
			targetProxy = 62B86FD324045F0D0068597D /* PBXContainerItemProxy */;
		};
/* End PBXTargetDependency section */

/* Begin PBXVariantGroup section */
		62B86FBA24045F0A0068597D /* Main.storyboard */ = {
			isa = PBXVariantGroup;
			children = (
				62B86FBB24045F0A0068597D /* Base */,
			);
			name = Main.storyboard;
			sourceTree = "<group>";
		};
		62B86FBF24045F0D0068597D /* LaunchScreen.storyboard */ = {
			isa = PBXVariantGroup;
			children = (
				62B86FC024045F0D0068597D /* Base */,
			);
			name = LaunchScreen.storyboard;
			sourceTree = "<group>";
		};
/* End PBXVariantGroup section */

/* Begin XCBuildConfiguration section */
		62B86FD924045F0D0068597D /* Debug */ = {
			isa = XCBuildConfiguration;
			buildSettings = {
				ALWAYS_SEARCH_USER_PATHS = NO;
				CLANG_ANALYZER_NONNULL = YES;
				CLANG_ANALYZER_NUMBER_OBJECT_CONVERSION = YES_AGGRESSIVE;
				CLANG_CXX_LANGUAGE_STANDARD = "gnu++14";
				CLANG_CXX_LIBRARY = "libc++";
				CLANG_ENABLE_MODULES = YES;
				CLANG_ENABLE_OBJC_ARC = YES;
				CLANG_ENABLE_OBJC_WEAK = YES;
				CLANG_WARN_BLOCK_CAPTURE_AUTORELEASING = YES;
				CLANG_WARN_BOOL_CONVERSION = YES;
				CLANG_WARN_COMMA = YES;
				CLANG_WARN_CONSTANT_CONVERSION = YES;
				CLANG_WARN_DEPRECATED_OBJC_IMPLEMENTATIONS = YES;
				CLANG_WARN_DIRECT_OBJC_ISA_USAGE = YES_ERROR;
				CLANG_WARN_DOCUMENTATION_COMMENTS = YES;
				CLANG_WARN_EMPTY_BODY = YES;
				CLANG_WARN_ENUM_CONVERSION = YES;
				CLANG_WARN_INFINITE_RECURSION = YES;
				CLANG_WARN_INT_CONVERSION = YES;
				CLANG_WARN_NON_LITERAL_NULL_CONVERSION = YES;
				CLANG_WARN_OBJC_IMPLICIT_RETAIN_SELF = YES;
				CLANG_WARN_OBJC_LITERAL_CONVERSION = YES;
				CLANG_WARN_OBJC_ROOT_CLASS = YES_ERROR;
				CLANG_WARN_RANGE_LOOP_ANALYSIS = YES;
				CLANG_WARN_STRICT_PROTOTYPES = YES;
				CLANG_WARN_SUSPICIOUS_MOVE = YES;
				CLANG_WARN_UNGUARDED_AVAILABILITY = YES_AGGRESSIVE;
				CLANG_WARN_UNREACHABLE_CODE = YES;
				CLANG_WARN__DUPLICATE_METHOD_MATCH = YES;
				CODE_SIGN_IDENTITY = "iPhone Developer";
				COPY_PHASE_STRIP = NO;
				DEBUG_INFORMATION_FORMAT = dwarf;
				ENABLE_STRICT_OBJC_MSGSEND = YES;
				ENABLE_TESTABILITY = YES;
				GCC_C_LANGUAGE_STANDARD = gnu11;
				GCC_DYNAMIC_NO_PIC = NO;
				GCC_NO_COMMON_BLOCKS = YES;
				GCC_OPTIMIZATION_LEVEL = 0;
				GCC_PREPROCESSOR_DEFINITIONS = (
					"DEBUG=1",
					"$(inherited)",
				);
				GCC_WARN_64_TO_32_BIT_CONVERSION = YES;
				GCC_WARN_ABOUT_RETURN_TYPE = YES_ERROR;
				GCC_WARN_UNDECLARED_SELECTOR = YES;
				GCC_WARN_UNINITIALIZED_AUTOS = YES_AGGRESSIVE;
				GCC_WARN_UNUSED_FUNCTION = YES;
				GCC_WARN_UNUSED_VARIABLE = YES;
				IPHONEOS_DEPLOYMENT_TARGET = 12.4;
				MTL_ENABLE_DEBUG_INFO = INCLUDE_SOURCE;
				MTL_FAST_MATH = YES;
				ONLY_ACTIVE_ARCH = YES;
				SDKROOT = iphoneos;
				SWIFT_ACTIVE_COMPILATION_CONDITIONS = DEBUG;
				SWIFT_OPTIMIZATION_LEVEL = "-Onone";
			};
			name = Debug;
		};
		62B86FDA24045F0D0068597D /* Release */ = {
			isa = XCBuildConfiguration;
			buildSettings = {
				ALWAYS_SEARCH_USER_PATHS = NO;
				CLANG_ANALYZER_NONNULL = YES;
				CLANG_ANALYZER_NUMBER_OBJECT_CONVERSION = YES_AGGRESSIVE;
				CLANG_CXX_LANGUAGE_STANDARD = "gnu++14";
				CLANG_CXX_LIBRARY = "libc++";
				CLANG_ENABLE_MODULES = YES;
				CLANG_ENABLE_OBJC_ARC = YES;
				CLANG_ENABLE_OBJC_WEAK = YES;
				CLANG_WARN_BLOCK_CAPTURE_AUTORELEASING = YES;
				CLANG_WARN_BOOL_CONVERSION = YES;
				CLANG_WARN_COMMA = YES;
				CLANG_WARN_CONSTANT_CONVERSION = YES;
				CLANG_WARN_DEPRECATED_OBJC_IMPLEMENTATIONS = YES;
				CLANG_WARN_DIRECT_OBJC_ISA_USAGE = YES_ERROR;
				CLANG_WARN_DOCUMENTATION_COMMENTS = YES;
				CLANG_WARN_EMPTY_BODY = YES;
				CLANG_WARN_ENUM_CONVERSION = YES;
				CLANG_WARN_INFINITE_RECURSION = YES;
				CLANG_WARN_INT_CONVERSION = YES;
				CLANG_WARN_NON_LITERAL_NULL_CONVERSION = YES;
				CLANG_WARN_OBJC_IMPLICIT_RETAIN_SELF = YES;
				CLANG_WARN_OBJC_LITERAL_CONVERSION = YES;
				CLANG_WARN_OBJC_ROOT_CLASS = YES_ERROR;
				CLANG_WARN_RANGE_LOOP_ANALYSIS = YES;
				CLANG_WARN_STRICT_PROTOTYPES = YES;
				CLANG_WARN_SUSPICIOUS_MOVE = YES;
				CLANG_WARN_UNGUARDED_AVAILABILITY = YES_AGGRESSIVE;
				CLANG_WARN_UNREACHABLE_CODE = YES;
				CLANG_WARN__DUPLICATE_METHOD_MATCH = YES;
				CODE_SIGN_IDENTITY = "iPhone Developer";
				COPY_PHASE_STRIP = NO;
				DEBUG_INFORMATION_FORMAT = "dwarf-with-dsym";
				ENABLE_NS_ASSERTIONS = NO;
				ENABLE_STRICT_OBJC_MSGSEND = YES;
				GCC_C_LANGUAGE_STANDARD = gnu11;
				GCC_NO_COMMON_BLOCKS = YES;
				GCC_WARN_64_TO_32_BIT_CONVERSION = YES;
				GCC_WARN_ABOUT_RETURN_TYPE = YES_ERROR;
				GCC_WARN_UNDECLARED_SELECTOR = YES;
				GCC_WARN_UNINITIALIZED_AUTOS = YES_AGGRESSIVE;
				GCC_WARN_UNUSED_FUNCTION = YES;
				GCC_WARN_UNUSED_VARIABLE = YES;
				IPHONEOS_DEPLOYMENT_TARGET = 12.4;
				MTL_ENABLE_DEBUG_INFO = NO;
				MTL_FAST_MATH = YES;
				SDKROOT = iphoneos;
				SWIFT_COMPILATION_MODE = wholemodule;
				SWIFT_OPTIMIZATION_LEVEL = "-O";
				VALIDATE_PRODUCT = YES;
			};
			name = Release;
		};
		62B86FDC24045F0D0068597D /* Debug */ = {
			isa = XCBuildConfiguration;
			buildSettings = {
				ASSETCATALOG_COMPILER_APPICON_NAME = AppIcon;
				CODE_SIGN_STYLE = Automatic;
				INFOPLIST_FILE = Assign4sprasher/Info.plist;
				LD_RUNPATH_SEARCH_PATHS = (
					"$(inherited)",
					"@executable_path/Frameworks",
				);
				PRODUCT_BUNDLE_IDENTIFIER = edu.asu.msse.sprasher.Assign4sprasher;
				PRODUCT_NAME = "$(TARGET_NAME)";
				SWIFT_VERSION = 5.0;
				TARGETED_DEVICE_FAMILY = "1,2";
			};
			name = Debug;
		};
		62B86FDD24045F0D0068597D /* Release */ = {
			isa = XCBuildConfiguration;
			buildSettings = {
				ASSETCATALOG_COMPILER_APPICON_NAME = AppIcon;
				CODE_SIGN_STYLE = Automatic;
				INFOPLIST_FILE = Assign4sprasher/Info.plist;
				LD_RUNPATH_SEARCH_PATHS = (
					"$(inherited)",
					"@executable_path/Frameworks",
				);
				PRODUCT_BUNDLE_IDENTIFIER = edu.asu.msse.sprasher.Assign4sprasher;
				PRODUCT_NAME = "$(TARGET_NAME)";
				SWIFT_VERSION = 5.0;
				TARGETED_DEVICE_FAMILY = "1,2";
			};
			name = Release;
		};
		62B86FDF24045F0D0068597D /* Debug */ = {
			isa = XCBuildConfiguration;
			buildSettings = {
				ALWAYS_EMBED_SWIFT_STANDARD_LIBRARIES = YES;
				BUNDLE_LOADER = "$(TEST_HOST)";
				CODE_SIGN_STYLE = Automatic;
				INFOPLIST_FILE = Assign4sprasherTests/Info.plist;
				LD_RUNPATH_SEARCH_PATHS = (
					"$(inherited)",
					"@executable_path/Frameworks",
					"@loader_path/Frameworks",
				);
				PRODUCT_BUNDLE_IDENTIFIER = edu.asu.msse.sprasher.Assign4sprasherTests;
				PRODUCT_NAME = "$(TARGET_NAME)";
				SWIFT_VERSION = 5.0;
				TARGETED_DEVICE_FAMILY = "1,2";
				TEST_HOST = "$(BUILT_PRODUCTS_DIR)/Assign4sprasher.app/Assign4sprasher";
			};
			name = Debug;
		};
		62B86FE024045F0D0068597D /* Release */ = {
			isa = XCBuildConfiguration;
			buildSettings = {
				ALWAYS_EMBED_SWIFT_STANDARD_LIBRARIES = YES;
				BUNDLE_LOADER = "$(TEST_HOST)";
				CODE_SIGN_STYLE = Automatic;
				INFOPLIST_FILE = Assign4sprasherTests/Info.plist;
				LD_RUNPATH_SEARCH_PATHS = (
					"$(inherited)",
					"@executable_path/Frameworks",
					"@loader_path/Frameworks",
				);
				PRODUCT_BUNDLE_IDENTIFIER = edu.asu.msse.sprasher.Assign4sprasherTests;
				PRODUCT_NAME = "$(TARGET_NAME)";
				SWIFT_VERSION = 5.0;
				TARGETED_DEVICE_FAMILY = "1,2";
				TEST_HOST = "$(BUILT_PRODUCTS_DIR)/Assign4sprasher.app/Assign4sprasher";
			};
			name = Release;
		};
		62B86FE224045F0D0068597D /* Debug */ = {
			isa = XCBuildConfiguration;
			buildSettings = {
				ALWAYS_EMBED_SWIFT_STANDARD_LIBRARIES = YES;
				CODE_SIGN_STYLE = Automatic;
				INFOPLIST_FILE = Assign4sprasherUITests/Info.plist;
				LD_RUNPATH_SEARCH_PATHS = (
					"$(inherited)",
					"@executable_path/Frameworks",
					"@loader_path/Frameworks",
				);
				PRODUCT_BUNDLE_IDENTIFIER = edu.asu.msse.sprasher.Assign4sprasherUITests;
				PRODUCT_NAME = "$(TARGET_NAME)";
				SWIFT_VERSION = 5.0;
				TARGETED_DEVICE_FAMILY = "1,2";
				TEST_TARGET_NAME = Assign4sprasher;
			};
			name = Debug;
		};
		62B86FE324045F0D0068597D /* Release */ = {
			isa = XCBuildConfiguration;
			buildSettings = {
				ALWAYS_EMBED_SWIFT_STANDARD_LIBRARIES = YES;
				CODE_SIGN_STYLE = Automatic;
				INFOPLIST_FILE = Assign4sprasherUITests/Info.plist;
				LD_RUNPATH_SEARCH_PATHS = (
					"$(inherited)",
					"@executable_path/Frameworks",
					"@loader_path/Frameworks",
				);
				PRODUCT_BUNDLE_IDENTIFIER = edu.asu.msse.sprasher.Assign4sprasherUITests;
				PRODUCT_NAME = "$(TARGET_NAME)";
				SWIFT_VERSION = 5.0;
				TARGETED_DEVICE_FAMILY = "1,2";
				TEST_TARGET_NAME = Assign4sprasher;
			};
			name = Release;
		};
/* End XCBuildConfiguration section */

/* Begin XCConfigurationList section */
		62B86FAE24045F0A0068597D /* Build configuration list for PBXProject "Assign4sprasher" */ = {
			isa = XCConfigurationList;
			buildConfigurations = (
				62B86FD924045F0D0068597D /* Debug */,
				62B86FDA24045F0D0068597D /* Release */,
			);
			defaultConfigurationIsVisible = 0;
			defaultConfigurationName = Release;
		};
		62B86FDB24045F0D0068597D /* Build configuration list for PBXNativeTarget "Assign4sprasher" */ = {
			isa = XCConfigurationList;
			buildConfigurations = (
				62B86FDC24045F0D0068597D /* Debug */,
				62B86FDD24045F0D0068597D /* Release */,
			);
			defaultConfigurationIsVisible = 0;
			defaultConfigurationName = Release;
		};
		62B86FDE24045F0D0068597D /* Build configuration list for PBXNativeTarget "Assign4sprasherTests" */ = {
			isa = XCConfigurationList;
			buildConfigurations = (
				62B86FDF24045F0D0068597D /* Debug */,
				62B86FE024045F0D0068597D /* Release */,
			);
			defaultConfigurationIsVisible = 0;
			defaultConfigurationName = Release;
		};
		62B86FE124045F0D0068597D /* Build configuration list for PBXNativeTarget "Assign4sprasherUITests" */ = {
			isa = XCConfigurationList;
			buildConfigurations = (
				62B86FE224045F0D0068597D /* Debug */,
				62B86FE324045F0D0068597D /* Release */,
			);
			defaultConfigurationIsVisible = 0;
			defaultConfigurationName = Release;
		};
/* End XCConfigurationList section */
	};
	rootObject = 62B86FAB24045F0A0068597D /* Project object */;
}
